
Microsoft Visual Studio Solution File, Format Version 12.00
# Visual Studio Version 17
VisualStudioVersion = 17.7.34024.191
MinimumVisualStudioVersion = 10.0.40219.1
Project("{8BC9CEB8-8B4A-11D0-8D11-00A0C91BC942}") = "first console application", "first console application\first console application.vcxproj", "{1FDCA404-D9CF-4C2F-AD22-793423E44E53}"
EndProject
Project("{2150E333-8FDC-42A3-9474-1A3956D46DE8}") = "instrukcje_decyzyjne", "instrukcje_decyzyjne", "{97940140-3E10-4895-A0C6-B932D626498D}"
EndProject
Project("{8BC9CEB8-8B4A-11D0-8D11-00A0C91BC942}") = "InstructionIfConsoleApplication", "InstructiomIfConsoleApplication\InstructiomIfConsoleApplication.vcxproj", "{29231160-7C6D-4127-A12F-EFD9D7883E47}"
EndProject
Project("{8BC9CEB8-8B4A-11D0-8D11-00A0C91BC942}") = "LoopConsoleApplication", "LoopConsoleApplication\LoopConsoleApplication.vcxproj", "{440055EF-51D9-4CD2-BC8F-7FA886E8237F}"
EndProject
Project("{2150E333-8FDC-42A3-9474-1A3956D46DE8}") = "stringconsoleapplication", "stringconsoleapplication", "{67474553-544E-4644-8979-15238E6ACDE5}"
EndProject
Project("{8BC9CEB8-8B4A-11D0-8D11-00A0C91BC942}") = "stringconsoleapplication", "stringconsoleapplication\stringconsoleapplication.vcxproj", "{5DA4F563-02D5-4D9A-AF30-E088965492C5}"
EndProject
Project("{2150E333-8FDC-42A3-9474-1A3956D46DE8}") = "array console application", "array console application", "{A5E21CB6-A114-4F16-B32F-75FFD755B076}"
EndProject
Project("{8BC9CEB8-8B4A-11D0-8D11-00A0C91BC942}") = "array console application", "array console application\array console application.vcxproj", "{7711DF2D-E8CB-4602-8850-FCC16C3C1C53}"
EndProject
Project("{2150E333-8FDC-42A3-9474-1A3956D46DE8}") = "struct", "struct", "{91F08E85-8197-49AD-98DA-7F8F8F62B295}"
EndProject
Project("{8BC9CEB8-8B4A-11D0-8D11-00A0C91BC942}") = "struct console application", "struct_console_application\struct_console_application.vcxproj", "{4197A0EE-91BC-41EB-9FC4-04C54C2329A4}"
EndProject
Project("{2150E333-8FDC-42A3-9474-1A3956D46DE8}") = "programowanie obiektowe", "programowanie obiektowe", "{017ECEAC-6ADB-4E48-A9DC-2FED21120951}"
EndProject
Project("{2150E333-8FDC-42A3-9474-1A3956D46DE8}") = "programowanie strukturalne", "programowanie strukturalne", "{CC0CF53E-446C-45D7-9712-DAB2EC2C2A0C}"
EndProject
Project("{8BC9CEB8-8B4A-11D0-8D11-00A0C91BC942}") = "first object console application", "programowanie obiektowe\programowanie obiektowe.vcxproj", "{0A0CA235-D36D-46AF-B00B-98123CD9FE18}"
EndProject
Global
	GlobalSection(SolutionConfigurationPlatforms) = preSolution
		Debug|x64 = Debug|x64
		Debug|x86 = Debug|x86
		Release|x64 = Release|x64
		Release|x86 = Release|x86
	EndGlobalSection
	GlobalSection(ProjectConfigurationPlatforms) = postSolution
		{1FDCA404-D9CF-4C2F-AD22-793423E44E53}.Debug|x64.ActiveCfg = Debug|x64
		{1FDCA404-D9CF-4C2F-AD22-793423E44E53}.Debug|x64.Build.0 = Debug|x64
		{1FDCA404-D9CF-4C2F-AD22-793423E44E53}.Debug|x86.ActiveCfg = Debug|Win32
		{1FDCA404-D9CF-4C2F-AD22-793423E44E53}.Debug|x86.Build.0 = Debug|Win32
		{1FDCA404-D9CF-4C2F-AD22-793423E44E53}.Release|x64.ActiveCfg = Release|x64
		{1FDCA404-D9CF-4C2F-AD22-793423E44E53}.Release|x64.Build.0 = Release|x64
		{1FDCA404-D9CF-4C2F-AD22-793423E44E53}.Release|x86.ActiveCfg = Release|Win32
		{1FDCA404-D9CF-4C2F-AD22-793423E44E53}.Release|x86.Build.0 = Release|Win32
		{29231160-7C6D-4127-A12F-EFD9D7883E47}.Debug|x64.ActiveCfg = Debug|x64
		{29231160-7C6D-4127-A12F-EFD9D7883E47}.Debug|x64.Build.0 = Debug|x64
		{29231160-7C6D-4127-A12F-EFD9D7883E47}.Debug|x86.ActiveCfg = Debug|Win32
		{29231160-7C6D-4127-A12F-EFD9D7883E47}.Debug|x86.Build.0 = Debug|Win32
		{29231160-7C6D-4127-A12F-EFD9D7883E47}.Release|x64.ActiveCfg = Release|x64
		{29231160-7C6D-4127-A12F-EFD9D7883E47}.Release|x64.Build.0 = Release|x64
		{29231160-7C6D-4127-A12F-EFD9D7883E47}.Release|x86.ActiveCfg = Release|Win32
		{29231160-7C6D-4127-A12F-EFD9D7883E47}.Release|x86.Build.0 = Release|Win32
		{440055EF-51D9-4CD2-BC8F-7FA886E8237F}.Debug|x64.ActiveCfg = Debug|x64
		{440055EF-51D9-4CD2-BC8F-7FA886E8237F}.Debug|x64.Build.0 = Debug|x64
		{440055EF-51D9-4CD2-BC8F-7FA886E8237F}.Debug|x86.ActiveCfg = Debug|Win32
		{440055EF-51D9-4CD2-BC8F-7FA886E8237F}.Debug|x86.Build.0 = Debug|Win32
		{440055EF-51D9-4CD2-BC8F-7FA886E8237F}.Release|x64.ActiveCfg = Release|x64
		{440055EF-51D9-4CD2-BC8F-7FA886E8237F}.Release|x64.Build.0 = Release|x64
		{440055EF-51D9-4CD2-BC8F-7FA886E8237F}.Release|x86.ActiveCfg = Release|Win32
		{440055EF-51D9-4CD2-BC8F-7FA886E8237F}.Release|x86.Build.0 = Release|Win32
		{5DA4F563-02D5-4D9A-AF30-E088965492C5}.Debug|x64.ActiveCfg = Debug|x64
		{5DA4F563-02D5-4D9A-AF30-E088965492C5}.Debug|x64.Build.0 = Debug|x64
		{5DA4F563-02D5-4D9A-AF30-E088965492C5}.Debug|x86.ActiveCfg = Debug|Win32
		{5DA4F563-02D5-4D9A-AF30-E088965492C5}.Debug|x86.Build.0 = Debug|Win32
		{5DA4F563-02D5-4D9A-AF30-E088965492C5}.Release|x64.ActiveCfg = Release|x64
		{5DA4F563-02D5-4D9A-AF30-E088965492C5}.Release|x64.Build.0 = Release|x64
		{5DA4F563-02D5-4D9A-AF30-E088965492C5}.Release|x86.ActiveCfg = Release|Win32
		{5DA4F563-02D5-4D9A-AF30-E088965492C5}.Release|x86.Build.0 = Release|Win32
		{7711DF2D-E8CB-4602-8850-FCC16C3C1C53}.Debug|x64.ActiveCfg = Debug|x64
		{7711DF2D-E8CB-4602-8850-FCC16C3C1C53}.Debug|x64.Build.0 = Debug|x64
		{7711DF2D-E8CB-4602-8850-FCC16C3C1C53}.Debug|x86.ActiveCfg = Debug|Win32
		{7711DF2D-E8CB-4602-8850-FCC16C3C1C53}.Debug|x86.Build.0 = Debug|Win32
		{7711DF2D-E8CB-4602-8850-FCC16C3C1C53}.Release|x64.ActiveCfg = Release|x64
		{7711DF2D-E8CB-4602-8850-FCC16C3C1C53}.Release|x64.Build.0 = Release|x64
		{7711DF2D-E8CB-4602-8850-FCC16C3C1C53}.Release|x86.ActiveCfg = Release|Win32
		{7711DF2D-E8CB-4602-8850-FCC16C3C1C53}.Release|x86.Build.0 = Release|Win32
		{4197A0EE-91BC-41EB-9FC4-04C54C2329A4}.Debug|x64.ActiveCfg = Debug|x64
		{4197A0EE-91BC-41EB-9FC4-04C54C2329A4}.Debug|x64.Build.0 = Debug|x64
		{4197A0EE-91BC-41EB-9FC4-04C54C2329A4}.Debug|x86.ActiveCfg = Debug|Win32
		{4197A0EE-91BC-41EB-9FC4-04C54C2329A4}.Debug|x86.Build.0 = Debug|Win32
		{4197A0EE-91BC-41EB-9FC4-04C54C2329A4}.Release|x64.ActiveCfg = Release|x64
		{4197A0EE-91BC-41EB-9FC4-04C54C2329A4}.Release|x64.Build.0 = Release|x64
		{4197A0EE-91BC-41EB-9FC4-04C54C2329A4}.Release|x86.ActiveCfg = Release|Win32
		{4197A0EE-91BC-41EB-9FC4-04C54C2329A4}.Release|x86.Build.0 = Release|Win32
		{0A0CA235-D36D-46AF-B00B-98123CD9FE18}.Debug|x64.ActiveCfg = Debug|x64
		{0A0CA235-D36D-46AF-B00B-98123CD9FE18}.Debug|x64.Build.0 = Debug|x64
		{0A0CA235-D36D-46AF-B00B-98123CD9FE18}.Debug|x86.ActiveCfg = Debug|Win32
		{0A0CA235-D36D-46AF-B00B-98123CD9FE18}.Debug|x86.Build.0 = Debug|Win32
		{0A0CA235-D36D-46AF-B00B-98123CD9FE18}.Release|x64.ActiveCfg = Release|x64
		{0A0CA235-D36D-46AF-B00B-98123CD9FE18}.Release|x64.Build.0 = Release|x64
		{0A0CA235-D36D-46AF-B00B-98123CD9FE18}.Release|x86.ActiveCfg = Release|Win32
		{0A0CA235-D36D-46AF-B00B-98123CD9FE18}.Release|x86.Build.0 = Release|Win32
	EndGlobalSection
	GlobalSection(SolutionProperties) = preSolution
		HideSolutionNode = FALSE
	EndGlobalSection
	GlobalSection(NestedProjects) = preSolution
		{1FDCA404-D9CF-4C2F-AD22-793423E44E53} = {CC0CF53E-446C-45D7-9712-DAB2EC2C2A0C}
		{97940140-3E10-4895-A0C6-B932D626498D} = {CC0CF53E-446C-45D7-9712-DAB2EC2C2A0C}
		{29231160-7C6D-4127-A12F-EFD9D7883E47} = {97940140-3E10-4895-A0C6-B932D626498D}
		{440055EF-51D9-4CD2-BC8F-7FA886E8237F} = {97940140-3E10-4895-A0C6-B932D626498D}
		{67474553-544E-4644-8979-15238E6ACDE5} = {91F08E85-8197-49AD-98DA-7F8F8F62B295}
		{5DA4F563-02D5-4D9A-AF30-E088965492C5} = {67474553-544E-4644-8979-15238E6ACDE5}
		{A5E21CB6-A114-4F16-B32F-75FFD755B076} = {CC0CF53E-446C-45D7-9712-DAB2EC2C2A0C}
		{7711DF2D-E8CB-4602-8850-FCC16C3C1C53} = {A5E21CB6-A114-4F16-B32F-75FFD755B076}
		{91F08E85-8197-49AD-98DA-7F8F8F62B295} = {CC0CF53E-446C-45D7-9712-DAB2EC2C2A0C}
		{4197A0EE-91BC-41EB-9FC4-04C54C2329A4} = {91F08E85-8197-49AD-98DA-7F8F8F62B295}
		{0A0CA235-D36D-46AF-B00B-98123CD9FE18} = {017ECEAC-6ADB-4E48-A9DC-2FED21120951}
	EndGlobalSection
	GlobalSection(ExtensibilityGlobals) = postSolution
		SolutionGuid = {BC630654-DF65-4A59-902F-6179F12BEE12}
	EndGlobalSection
EndGlobal
